// !$*UTF8*$!
{
	archiveVersion = 1;
	classes = {
	};
	objectVersion = 46;
	objects = {

/* Begin PBXBuildFile section */
		821F9D411EF6DD3700BD5FD7 /* AppDelegate.swift in Sources */ = {isa = PBXBuildFile; fileRef = 821F9D401EF6DD3700BD5FD7 /* AppDelegate.swift */; };
		821F9D461EF6DD3700BD5FD7 /* Main.storyboard in Resources */ = {isa = PBXBuildFile; fileRef = 821F9D441EF6DD3700BD5FD7 /* Main.storyboard */; };
		821F9D481EF6DD3700BD5FD7 /* Assets.xcassets in Resources */ = {isa = PBXBuildFile; fileRef = 821F9D471EF6DD3700BD5FD7 /* Assets.xcassets */; };
		821F9D4B1EF6DD3700BD5FD7 /* LaunchScreen.storyboard in Resources */ = {isa = PBXBuildFile; fileRef = 821F9D491EF6DD3700BD5FD7 /* LaunchScreen.storyboard */; };
		821F9D561EF6DD3700BD5FD7 /* github_incremental_searchTests.swift in Sources */ = {isa = PBXBuildFile; fileRef = 821F9D551EF6DD3700BD5FD7 /* github_incremental_searchTests.swift */; };
		821F9D951EF9185C00BD5FD7 /* TableViewCell.swift in Sources */ = {isa = PBXBuildFile; fileRef = 821F9D941EF9185C00BD5FD7 /* TableViewCell.swift */; };
		821F9D971EF9569700BD5FD7 /* ViewController.swift in Sources */ = {isa = PBXBuildFile; fileRef = 821F9D961EF9569700BD5FD7 /* ViewController.swift */; };
		821F9D991EFA66A500BD5FD7 /* WebViewController.swift in Sources */ = {isa = PBXBuildFile; fileRef = 821F9D981EFA66A400BD5FD7 /* WebViewController.swift */; };
/* End PBXBuildFile section */

/* Begin PBXContainerItemProxy section */
		821F9D521EF6DD3700BD5FD7 /* PBXContainerItemProxy */ = {
			isa = PBXContainerItemProxy;
			containerPortal = 821F9D351EF6DD3600BD5FD7 /* Project object */;
			proxyType = 1;
			remoteGlobalIDString = 821F9D3C1EF6DD3700BD5FD7;
			remoteInfo = github_incremental_search;
		};
/* End PBXContainerItemProxy section */

/* Begin PBXFileReference section */
		821F9D3D1EF6DD3700BD5FD7 /* github_incremental_search.app */ = {isa = PBXFileReference; explicitFileType = wrapper.application; includeInIndex = 0; path = github_incremental_search.app; sourceTree = BUILT_PRODUCTS_DIR; };
		821F9D401EF6DD3700BD5FD7 /* AppDelegate.swift */ = {isa = PBXFileReference; lastKnownFileType = sourcecode.swift; path = AppDelegate.swift; sourceTree = "<group>"; };
		821F9D451EF6DD3700BD5FD7 /* Base */ = {isa = PBXFileReference; lastKnownFileType = file.storyboard; name = Base; path = Base.lproj/Main.storyboard; sourceTree = "<group>"; };
		821F9D471EF6DD3700BD5FD7 /* Assets.xcassets */ = {isa = PBXFileReference; lastKnownFileType = folder.assetcatalog; path = Assets.xcassets; sourceTree = "<group>"; };
		821F9D4A1EF6DD3700BD5FD7 /* Base */ = {isa = PBXFileReference; lastKnownFileType = file.storyboard; name = Base; path = Base.lproj/LaunchScreen.storyboard; sourceTree = "<group>"; };
		821F9D4C1EF6DD3700BD5FD7 /* Info.plist */ = {isa = PBXFileReference; lastKnownFileType = text.plist.xml; path = Info.plist; sourceTree = "<group>"; };
		821F9D511EF6DD3700BD5FD7 /* github_incremental_searchTests.xctest */ = {isa = PBXFileReference; explicitFileType = wrapper.cfbundle; includeInIndex = 0; path = github_incremental_searchTests.xctest; sourceTree = BUILT_PRODUCTS_DIR; };
		821F9D551EF6DD3700BD5FD7 /* github_incremental_searchTests.swift */ = {isa = PBXFileReference; lastKnownFileType = sourcecode.swift; path = github_incremental_searchTests.swift; sourceTree = "<group>"; };
		821F9D571EF6DD3700BD5FD7 /* Info.plist */ = {isa = PBXFileReference; lastKnownFileType = text.plist.xml; path = Info.plist; sourceTree = "<group>"; };
		821F9D941EF9185C00BD5FD7 /* TableViewCell.swift */ = {isa = PBXFileReference; fileEncoding = 4; lastKnownFileType = sourcecode.swift; path = TableViewCell.swift; sourceTree = "<group>"; };
		821F9D961EF9569700BD5FD7 /* ViewController.swift */ = {isa = PBXFileReference; fileEncoding = 4; lastKnownFileType = sourcecode.swift; path = ViewController.swift; sourceTree = "<group>"; };
		821F9D981EFA66A400BD5FD7 /* WebViewController.swift */ = {isa = PBXFileReference; fileEncoding = 4; lastKnownFileType = sourcecode.swift; path = WebViewController.swift; sourceTree = "<group>"; };
/* End PBXFileReference section */

/* Begin PBXFrameworksBuildPhase section */
		821F9D3A1EF6DD3700BD5FD7 /* Frameworks */ = {
			isa = PBXFrameworksBuildPhase;
			buildActionMask = 2147483647;
			files = (
			);
			runOnlyForDeploymentPostprocessing = 0;
		};
		821F9D4E1EF6DD3700BD5FD7 /* Frameworks */ = {
			isa = PBXFrameworksBuildPhase;
			buildActionMask = 2147483647;
			files = (
			);
			runOnlyForDeploymentPostprocessing = 0;
		};
/* End PBXFrameworksBuildPhase section */

/* Begin PBXGroup section */
		821F9D341EF6DD3600BD5FD7 = {
			isa = PBXGroup;
			children = (
				821F9D3F1EF6DD3700BD5FD7 /* github_incremental_search */,
				821F9D541EF6DD3700BD5FD7 /* github_incremental_searchTests */,
				821F9D3E1EF6DD3700BD5FD7 /* Products */,
			);
			sourceTree = "<group>";
		};
		821F9D3E1EF6DD3700BD5FD7 /* Products */ = {
			isa = PBXGroup;
			children = (
				821F9D3D1EF6DD3700BD5FD7 /* github_incremental_search.app */,
				821F9D511EF6DD3700BD5FD7 /* github_incremental_searchTests.xctest */,
			);
			name = Products;
			sourceTree = "<group>";
		};
		821F9D3F1EF6DD3700BD5FD7 /* github_incremental_search */ = {
			isa = PBXGroup;
			children = (
				821F9D401EF6DD3700BD5FD7 /* AppDelegate.swift */,
				821F9D441EF6DD3700BD5FD7 /* Main.storyboard */,
				821F9D981EFA66A400BD5FD7 /* WebViewController.swift */,
				821F9D961EF9569700BD5FD7 /* ViewController.swift */,
				821F9D471EF6DD3700BD5FD7 /* Assets.xcassets */,
				821F9D491EF6DD3700BD5FD7 /* LaunchScreen.storyboard */,
				821F9D4C1EF6DD3700BD5FD7 /* Info.plist */,
				821F9D941EF9185C00BD5FD7 /* TableViewCell.swift */,
			);
			path = github_incremental_search;
			sourceTree = "<group>";
		};
		821F9D541EF6DD3700BD5FD7 /* github_incremental_searchTests */ = {
			isa = PBXGroup;
			children = (
				821F9D551EF6DD3700BD5FD7 /* github_incremental_searchTests.swift */,
				821F9D571EF6DD3700BD5FD7 /* Info.plist */,
			);
			path = github_incremental_searchTests;
			sourceTree = "<group>";
		};
/* End PBXGroup section */

/* Begin PBXNativeTarget section */
		821F9D3C1EF6DD3700BD5FD7 /* github_incremental_search */ = {
			isa = PBXNativeTarget;
			buildConfigurationList = 821F9D5A1EF6DD3700BD5FD7 /* Build configuration list for PBXNativeTarget "github_incremental_search" */;
			buildPhases = (
				821F9D391EF6DD3700BD5FD7 /* Sources */,
				821F9D3A1EF6DD3700BD5FD7 /* Frameworks */,
				821F9D3B1EF6DD3700BD5FD7 /* Resources */,
			);
			buildRules = (
			);
			dependencies = (
			);
			name = github_incremental_search;
			productName = github_incremental_search;
			productReference = 821F9D3D1EF6DD3700BD5FD7 /* github_incremental_search.app */;
			productType = "com.apple.product-type.application";
		};
		821F9D501EF6DD3700BD5FD7 /* github_incremental_searchTests */ = {
			isa = PBXNativeTarget;
			buildConfigurationList = 821F9D5D1EF6DD3700BD5FD7 /* Build configuration list for PBXNativeTarget "github_incremental_searchTests" */;
			buildPhases = (
				821F9D4D1EF6DD3700BD5FD7 /* Sources */,
				821F9D4E1EF6DD3700BD5FD7 /* Frameworks */,
				821F9D4F1EF6DD3700BD5FD7 /* Resources */,
			);
			buildRules = (
			);
			dependencies = (
				821F9D531EF6DD3700BD5FD7 /* PBXTargetDependency */,
			);
			name = github_incremental_searchTests;
			productName = github_incremental_searchTests;
			productReference = 821F9D511EF6DD3700BD5FD7 /* github_incremental_searchTests.xctest */;
			productType = "com.apple.product-type.bundle.unit-test";
		};
/* End PBXNativeTarget section */

/* Begin PBXProject section */
		821F9D351EF6DD3600BD5FD7 /* Project object */ = {
			isa = PBXProject;
			attributes = {
				LastSwiftUpdateCheck = 0830;
				LastUpgradeCheck = 0830;
				ORGANIZATIONNAME = "Yuqing Guan";
				TargetAttributes = {
					821F9D3C1EF6DD3700BD5FD7 = {
						CreatedOnToolsVersion = 8.3.3;
						DevelopmentTeam = F6GF7TTL5R;
						ProvisioningStyle = Automatic;
					};
					821F9D501EF6DD3700BD5FD7 = {
						CreatedOnToolsVersion = 8.3.3;
						DevelopmentTeam = F6GF7TTL5R;
						ProvisioningStyle = Automatic;
						TestTargetID = 821F9D3C1EF6DD3700BD5FD7;
					};
				};
			};
			buildConfigurationList = 821F9D381EF6DD3600BD5FD7 /* Build configuration list for PBXProject "github_incremental_search" */;
			compatibilityVersion = "Xcode 3.2";
			developmentRegion = English;
			hasScannedForEncodings = 0;
			knownRegions = (
				en,
				Base,
			);
			mainGroup = 821F9D341EF6DD3600BD5FD7;
			productRefGroup = 821F9D3E1EF6DD3700BD5FD7 /* Products */;
			projectDirPath = "";
			projectRoot = "";
			targets = (
				821F9D3C1EF6DD3700BD5FD7 /* github_incremental_search */,
				821F9D501EF6DD3700BD5FD7 /* github_incremental_searchTests */,
			);
		};
/* End PBXProject section */

/* Begin PBXResourcesBuildPhase section */
		821F9D3B1EF6DD3700BD5FD7 /* Resources */ = {
			isa = PBXResourcesBuildPhase;
			buildActionMask = 2147483647;
			files = (
				821F9D4B1EF6DD3700BD5FD7 /* LaunchScreen.storyboard in Resources */,
				821F9D481EF6DD3700BD5FD7 /* Assets.xcassets in Resources */,
				821F9D461EF6DD3700BD5FD7 /* Main.storyboard in Resources */,
			);
			runOnlyForDeploymentPostprocessing = 0;
		};
		821F9D4F1EF6DD3700BD5FD7 /* Resources */ = {
			isa = PBXResourcesBuildPhase;
			buildActionMask = 2147483647;
			files = (
			);
			runOnlyForDeploymentPostprocessing = 0;
		};
/* End PBXResourcesBuildPhase section */

/* Begin PBXSourcesBuildPhase section */
		821F9D391EF6DD3700BD5FD7 /* Sources */ = {
			isa = PBXSourcesBuildPhase;
			buildActionMask = 2147483647;
			files = (
				821F9D951EF9185C00BD5FD7 /* TableViewCell.swift in Sources */,
				821F9D411EF6DD3700BD5FD7 /* AppDelegate.swift in Sources */,
				821F9D971EF9569700BD5FD7 /* ViewController.swift in Sources */,
				821F9D991EFA66A500BD5FD7 /* WebViewController.swift in Sources */,
			);
			runOnlyForDeploymentPostprocessing = 0;
		};
		821F9D4D1EF6DD3700BD5FD7 /* Sources */ = {
			isa = PBXSourcesBuildPhase;
			buildActionMask = 2147483647;
			files = (
				821F9D561EF6DD3700BD5FD7 /* github_incremental_searchTests.swift in Sources */,
			);
			runOnlyForDeploymentPostprocessing = 0;
		};
/* End PBXSourcesBuildPhase section */

/* Begin PBXTargetDependency section */
		821F9D531EF6DD3700BD5FD7 /* PBXTargetDependency */ = {
			isa = PBXTargetDependency;
			target = 821F9D3C1EF6DD3700BD5FD7 /* github_incremental_search */;
			targetProxy = 821F9D521EF6DD3700BD5FD7 /* PBXContainerItemProxy */;
		};
/* End PBXTargetDependency section */

/* Begin PBXVariantGroup section */
		821F9D441EF6DD3700BD5FD7 /* Main.storyboard */ = {
			isa = PBXVariantGroup;
			children = (
				821F9D451EF6DD3700BD5FD7 /* Base */,
			);
			name = Main.storyboard;
			sourceTree = "<group>";
		};
		821F9D491EF6DD3700BD5FD7 /* LaunchScreen.storyboard */ = {
			isa = PBXVariantGroup;
			children = (
				821F9D4A1EF6DD3700BD5FD7 /* Base */,
			);
			name = LaunchScreen.storyboard;
			sourceTree = "<group>";
		};
/* End PBXVariantGroup section */

/* Begin XCBuildConfiguration section */
		821F9D581EF6DD3700BD5FD7 /* Debug */ = {
			isa = XCBuildConfiguration;
			buildSettings = {
				ALWAYS_SEARCH_USER_PATHS = NO;
				CLANG_ANALYZER_NONNULL = YES;
				CLANG_ANALYZER_NUMBER_OBJECT_CONVERSION = YES_AGGRESSIVE;
				CLANG_CXX_LANGUAGE_STANDARD = "gnu++0x";
				CLANG_CXX_LIBRARY = "libc++";
				CLANG_ENABLE_MODULES = YES;
				CLANG_ENABLE_OBJC_ARC = YES;
				CLANG_WARN_BOOL_CONVERSION = YES;
				CLANG_WARN_CONSTANT_CONVERSION = YES;
				CLANG_WARN_DIRECT_OBJC_ISA_USAGE = YES_ERROR;
				CLANG_WARN_DOCUMENTATION_COMMENTS = YES;
				CLANG_WARN_EMPTY_BODY = YES;
				CLANG_WARN_ENUM_CONVERSION = YES;
				CLANG_WARN_INFINITE_RECURSION = YES;
				CLANG_WARN_INT_CONVERSION = YES;
				CLANG_WARN_OBJC_ROOT_CLASS = YES_ERROR;
				CLANG_WARN_SUSPICIOUS_MOVE = YES;
				CLANG_WARN_UNREACHABLE_CODE = YES;
				CLANG_WARN__DUPLICATE_METHOD_MATCH = YES;
				"CODE_SIGN_IDENTITY[sdk=iphoneos*]" = "iPhone Developer";
				COPY_PHASE_STRIP = NO;
				DEBUG_INFORMATION_FORMAT = dwarf;
				ENABLE_STRICT_OBJC_MSGSEND = YES;
				ENABLE_TESTABILITY = YES;
				GCC_C_LANGUAGE_STANDARD = gnu99;
				GCC_DYNAMIC_NO_PIC = NO;
				GCC_NO_COMMON_BLOCKS = YES;
				GCC_OPTIMIZATION_LEVEL = 0;
				GCC_PREPROCESSOR_DEFINITIONS = (
					"DEBUG=1",
					"$(inherited)",
				);
				GCC_WARN_64_TO_32_BIT_CONVERSION = YES;
				GCC_WARN_ABOUT_RETURN_TYPE = YES_ERROR;
				GCC_WARN_UNDECLARED_SELECTOR = YES;
				GCC_WARN_UNINITIALIZED_AUTOS = YES_AGGRESSIVE;
				GCC_WARN_UNUSED_FUNCTION = YES;
				GCC_WARN_UNUSED_VARIABLE = YES;
				IPHONEOS_DEPLOYMENT_TARGET = 10.3;
				MTL_ENABLE_DEBUG_INFO = YES;
				ONLY_ACTIVE_ARCH = YES;
				SDKROOT = iphoneos;
				SWIFT_ACTIVE_COMPILATION_CONDITIONS = DEBUG;
				SWIFT_OPTIMIZATION_LEVEL = "-Onone";
				TARGETED_DEVICE_FAMILY = "1,2";
			};
			name = Debug;
		};
		821F9D591EF6DD3700BD5FD7 /* Release */ = {
			isa = XCBuildConfiguration;
			buildSettings = {
				ALWAYS_SEARCH_USER_PATHS = NO;
				CLANG_ANALYZER_NONNULL = YES;
				CLANG_ANALYZER_NUMBER_OBJECT_CONVERSION = YES_AGGRESSIVE;
				CLANG_CXX_LANGUAGE_STANDARD = "gnu++0x";
				CLANG_CXX_LIBRARY = "libc++";
				CLANG_ENABLE_MODULES = YES;
				CLANG_ENABLE_OBJC_ARC = YES;
				CLANG_WARN_BOOL_CONVERSION = YES;
				CLANG_WARN_CONSTANT_CONVERSION = YES;
				CLANG_WARN_DIRECT_OBJC_ISA_USAGE = YES_ERROR;
				CLANG_WARN_DOCUMENTATION_COMMENTS = YES;
				CLANG_WARN_EMPTY_BODY = YES;
				CLANG_WARN_ENUM_CONVERSION = YES;
				CLANG_WARN_INFINITE_RECURSION = YES;
				CLANG_WARN_INT_CONVERSION = YES;
				CLANG_WARN_OBJC_ROOT_CLASS = YES_ERROR;
				CLANG_WARN_SUSPICIOUS_MOVE = YES;
				CLANG_WARN_UNREACHABLE_CODE = YES;
				CLANG_WARN__DUPLICATE_METHOD_MATCH = YES;
				"CODE_SIGN_IDENTITY[sdk=iphoneos*]" = "iPhone Developer";
				COPY_PHASE_STRIP = NO;
				DEBUG_INFORMATION_FORMAT = "dwarf-with-dsym";
				ENABLE_NS_ASSERTIONS = NO;
				ENABLE_STRICT_OBJC_MSGSEND = YES;
				GCC_C_LANGUAGE_STANDARD = gnu99;
				GCC_NO_COMMON_BLOCKS = YES;
				GCC_WARN_64_TO_32_BIT_CONVERSION = YES;
				GCC_WARN_ABOUT_RETURN_TYPE = YES_ERROR;
				GCC_WARN_UNDECLARED_SELECTOR = YES;
				GCC_WARN_UNINITIALIZED_AUTOS = YES_AGGRESSIVE;
				GCC_WARN_UNUSED_FUNCTION = YES;
				GCC_WARN_UNUSED_VARIABLE = YES;
				IPHONEOS_DEPLOYMENT_TARGET = 10.3;
				MTL_ENABLE_DEBUG_INFO = NO;
				SDKROOT = iphoneos;
				SWIFT_OPTIMIZATION_LEVEL = "-Owholemodule";
				TARGETED_DEVICE_FAMILY = "1,2";
				VALIDATE_PRODUCT = YES;
			};
			name = Release;
		};
		821F9D5B1EF6DD3700BD5FD7 /* Debug */ = {
			isa = XCBuildConfiguration;
			buildSettings = {
				ASSETCATALOG_COMPILER_APPICON_NAME = AppIcon;
				DEVELOPMENT_TEAM = F6GF7TTL5R;
				INFOPLIST_FILE = github_incremental_search/Info.plist;
				LD_RUNPATH_SEARCH_PATHS = "$(inherited) @executable_path/Frameworks";
				PRODUCT_BUNDLE_IDENTIFIER = "Yuqing-Guan.github-incremental-search";
				PRODUCT_NAME = "$(TARGET_NAME)";
				SWIFT_VERSION = 3.0;
			};
			name = Debug;
		};
		821F9D5C1EF6DD3700BD5FD7 /* Release */ = {
			isa = XCBuildConfiguration;
			buildSettings = {
				ASSETCATALOG_COMPILER_APPICON_NAME = AppIcon;
				DEVELOPMENT_TEAM = F6GF7TTL5R;
				INFOPLIST_FILE = github_incremental_search/Info.plist;
				LD_RUNPATH_SEARCH_PATHS = "$(inherited) @executable_path/Frameworks";
				PRODUCT_BUNDLE_IDENTIFIER = "Yuqing-Guan.github-incremental-search";
				PRODUCT_NAME = "$(TARGET_NAME)";
				SWIFT_VERSION = 3.0;
			};
			name = Release;
		};
		821F9D5E1EF6DD3700BD5FD7 /* Debug */ = {
			isa = XCBuildConfiguration;
			buildSettings = {
				ALWAYS_EMBED_SWIFT_STANDARD_LIBRARIES = YES;
				BUNDLE_LOADER = "$(TEST_HOST)";
				DEVELOPMENT_TEAM = F6GF7TTL5R;
				INFOPLIST_FILE = github_incremental_searchTests/Info.plist;
				LD_RUNPATH_SEARCH_PATHS = "$(inherited) @executable_path/Frameworks @loader_path/Frameworks";
				PRODUCT_BUNDLE_IDENTIFIER = "Yuqing-Guan.github-incremental-searchTests";
				PRODUCT_NAME = "$(TARGET_NAME)";
				SWIFT_VERSION = 3.0;
				TEST_HOST = "$(BUILT_PRODUCTS_DIR)/github_incremental_search.app/github_incremental_search";
			};
			name = Debug;
		};
		821F9D5F1EF6DD3700BD5FD7 /* Release */ = {
			isa = XCBuildConfiguration;
			buildSettings = {
				ALWAYS_EMBED_SWIFT_STANDARD_LIBRARIES = YES;
				BUNDLE_LOADER = "$(TEST_HOST)";
				DEVELOPMENT_TEAM = F6GF7TTL5R;
				INFOPLIST_FILE = github_incremental_searchTests/Info.plist;
				LD_RUNPATH_SEARCH_PATHS = "$(inherited) @executable_path/Frameworks @loader_path/Frameworks";
				PRODUCT_BUNDLE_IDENTIFIER = "Yuqing-Guan.github-incremental-searchTests";
				PRODUCT_NAME = "$(TARGET_NAME)";
				SWIFT_VERSION = 3.0;
				TEST_HOST = "$(BUILT_PRODUCTS_DIR)/github_incremental_search.app/github_incremental_search";
			};
			name = Release;
		};
/* End XCBuildConfiguration section */

/* Begin XCConfigurationList section */
		821F9D381EF6DD3600BD5FD7 /* Build configuration list for PBXProject "github_incremental_search" */ = {
			isa = XCConfigurationList;
			buildConfigurations = (
				821F9D581EF6DD3700BD5FD7 /* Debug */,
				821F9D591EF6DD3700BD5FD7 /* Release */,
			);
			defaultConfigurationIsVisible = 0;
			defaultConfigurationName = Release;
		};
		821F9D5A1EF6DD3700BD5FD7 /* Build configuration list for PBXNativeTarget "github_incremental_search" */ = {
			isa = XCConfigurationList;
			buildConfigurations = (
				821F9D5B1EF6DD3700BD5FD7 /* Debug */,
				821F9D5C1EF6DD3700BD5FD7 /* Release */,
			);
			defaultConfigurationIsVisible = 0;
			defaultConfigurationName = Release;
		};
		821F9D5D1EF6DD3700BD5FD7 /* Build configuration list for PBXNativeTarget "github_incremental_searchTests" */ = {
			isa = XCConfigurationList;
			buildConfigurations = (
				821F9D5E1EF6DD3700BD5FD7 /* Debug */,
				821F9D5F1EF6DD3700BD5FD7 /* Release */,
			);
			defaultConfigurationIsVisible = 0;
			defaultConfigurationName = Release;
		};
/* End XCConfigurationList section */
	};
	rootObject = 821F9D351EF6DD3600BD5FD7 /* Project object */;
}
